// !$*UTF8*$!
{
	archiveVersion = 1;
	classes = {
	};
	objectVersion = 77;
	objects = {

/* Begin PBXBuildFile section */
		1122451B489133CA90DBD5C8 /* DIContainer.swift in Sources */ = {isa = PBXBuildFile; fileRef = 461757676B8468A1A8EA2B14 /* DIContainer.swift */; };
		1C2828AB6F056A7680FC41D9 /* Shared in Frameworks */ = {isa = PBXBuildFile; productRef = 16B29FF52411B199AA5F6BA9 /* Shared */; };
		1CA998C627766237F2232BEB /* Presentation in Frameworks */ = {isa = PBXBuildFile; productRef = 785A33507B21518DFA9BA965 /* Presentation */; };
		3B17AFCD7108C4F8D5396ECB /* GoogleService-Info.plist in Resources */ = {isa = PBXBuildFile; fileRef = B6A561C7CC2BB430A4574808 /* GoogleService-Info.plist */; };
		783D55AF632CEDDFC7117A66 /* AppTemplateApp.swift in Sources */ = {isa = PBXBuildFile; fileRef = 443413FDCD45FE7B6EE21536 /* AppTemplateApp.swift */; };
		95C38BB4FB56187972591E16 /* UseCases in Frameworks */ = {isa = PBXBuildFile; productRef = 6F731263DA861DD7DABE46C5 /* UseCases */; };
		F020EE47FD9AFF29CB232A2C /* AppDelegate.swift in Sources */ = {isa = PBXBuildFile; fileRef = 3698F892C87398A1AB1FF12E /* AppDelegate.swift */; };
/* End PBXBuildFile section */

/* Begin PBXFileReference section */
		3698F892C87398A1AB1FF12E /* AppDelegate.swift */ = {isa = PBXFileReference; lastKnownFileType = sourcecode.swift; path = AppDelegate.swift; sourceTree = "<group>"; };
		3FA5CEC22E62C2738D6DC8D8 /* Presentation */ = {isa = PBXFileReference; lastKnownFileType = folder; name = Presentation; path = Packages/Presentation; sourceTree = SOURCE_ROOT; };
		443413FDCD45FE7B6EE21536 /* AppTemplateApp.swift */ = {isa = PBXFileReference; lastKnownFileType = sourcecode.swift; path = AppTemplateApp.swift; sourceTree = "<group>"; };
		461757676B8468A1A8EA2B14 /* DIContainer.swift */ = {isa = PBXFileReference; lastKnownFileType = sourcecode.swift; path = DIContainer.swift; sourceTree = "<group>"; };
		49D88A349FD70A9153DD2C03 /* App.app */ = {isa = PBXFileReference; includeInIndex = 0; lastKnownFileType = wrapper.application; path = App.app; sourceTree = BUILT_PRODUCTS_DIR; };
		B6A561C7CC2BB430A4574808 /* GoogleService-Info.plist */ = {isa = PBXFileReference; lastKnownFileType = text.plist; path = "GoogleService-Info.plist"; sourceTree = "<group>"; };
		E4D5F3B4DFE6DB88EFC34A42 /* Shared */ = {isa = PBXFileReference; lastKnownFileType = folder; name = Shared; path = ../Shared; sourceTree = SOURCE_ROOT; };
		E7DC70D2270B7A2A85F74843 /* UseCases */ = {isa = PBXFileReference; lastKnownFileType = folder; name = UseCases; path = Packages/UseCases; sourceTree = SOURCE_ROOT; };
/* End PBXFileReference section */

/* Begin PBXFrameworksBuildPhase section */
		BC0DC3536DED64E0E8C9923E /* Frameworks */ = {
			isa = PBXFrameworksBuildPhase;
			buildActionMask = 2147483647;
			files = (
				1CA998C627766237F2232BEB /* Presentation in Frameworks */,
				95C38BB4FB56187972591E16 /* UseCases in Frameworks */,
				1C2828AB6F056A7680FC41D9 /* Shared in Frameworks */,
			);
			runOnlyForDeploymentPostprocessing = 0;
		};
/* End PBXFrameworksBuildPhase section */

/* Begin PBXGroup section */
		4102E3E068508DD683953C7D = {
			isa = PBXGroup;
			children = (
				443E9F32F0EC65EEBF466F3B /* App */,
				A09E2501204CB86B4B2B6562 /* Packages */,
				7F78907537685DA9B94ECD46 /* Sources */,
				E9C3DB3EC6D7655028A9C0D3 /* Products */,
			);
			sourceTree = "<group>";
		};
		443E9F32F0EC65EEBF466F3B /* App */ = {
			isa = PBXGroup;
			children = (
				B6A561C7CC2BB430A4574808 /* GoogleService-Info.plist */,
			);
			path = App;
			sourceTree = "<group>";
		};
		7F78907537685DA9B94ECD46 /* Sources */ = {
			isa = PBXGroup;
			children = (
				3698F892C87398A1AB1FF12E /* AppDelegate.swift */,
				443413FDCD45FE7B6EE21536 /* AppTemplateApp.swift */,
				D66C251DB4530ACEB7A585A4 /* DI */,
			);
			name = Sources;
			path = App/Sources;
			sourceTree = "<group>";
		};
		A09E2501204CB86B4B2B6562 /* Packages */ = {
			isa = PBXGroup;
			children = (
				3FA5CEC22E62C2738D6DC8D8 /* Presentation */,
				E4D5F3B4DFE6DB88EFC34A42 /* Shared */,
				E7DC70D2270B7A2A85F74843 /* UseCases */,
			);
			path = Packages;
			sourceTree = "<group>";
		};
		D66C251DB4530ACEB7A585A4 /* DI */ = {
			isa = PBXGroup;
			children = (
				461757676B8468A1A8EA2B14 /* DIContainer.swift */,
			);
			path = DI;
			sourceTree = "<group>";
		};
		E9C3DB3EC6D7655028A9C0D3 /* Products */ = {
			isa = PBXGroup;
			children = (
				49D88A349FD70A9153DD2C03 /* App.app */,
			);
			name = Products;
			sourceTree = "<group>";
		};
/* End PBXGroup section */

/* Begin PBXNativeTarget section */
		93E9E330FC2CE7458D9C925F /* App */ = {
			isa = PBXNativeTarget;
			buildConfigurationList = FFC1863BD4026D2C17CBE82B /* Build configuration list for PBXNativeTarget "App" */;
			buildPhases = (
				B77F0AF073564580D75A2CF1 /* Sources */,
				37BFF6A8CB5CC7FA21AD3FA3 /* Resources */,
				BC0DC3536DED64E0E8C9923E /* Frameworks */,
			);
			buildRules = (
			);
			dependencies = (
			);
			name = App;
			packageProductDependencies = (
				785A33507B21518DFA9BA965 /* Presentation */,
				6F731263DA861DD7DABE46C5 /* UseCases */,
				16B29FF52411B199AA5F6BA9 /* Shared */,
			);
			productName = App;
			productReference = 49D88A349FD70A9153DD2C03 /* App.app */;
			productType = "com.apple.product-type.application";
		};
/* End PBXNativeTarget section */

/* Begin PBXProject section */
		6B590BF25178DC7D824D09CE /* Project object */ = {
			isa = PBXProject;
			attributes = {
				BuildIndependentTargetsInParallel = YES;
				LastUpgradeCheck = 1600;
				TargetAttributes = {
					93E9E330FC2CE7458D9C925F = {
						DevelopmentTeam = "";
						ProvisioningStyle = Automatic;
					};
				};
			};
			buildConfigurationList = B3FD05C59F197F398A0B04AB /* Build configuration list for PBXProject "App" */;
			compatibilityVersion = "Xcode 14.0";
			developmentRegion = en;
			hasScannedForEncodings = 0;
			knownRegions = (
				Base,
				en,
			);
			mainGroup = 4102E3E068508DD683953C7D;
			minimizedProjectReferenceProxies = 1;
			packageReferences = (
				E2F43A1AD9F1F3104D4205BA /* XCLocalSwiftPackageReference "Packages/Presentation" */,
				05ACDEAD04E2A1D694C61F72 /* XCLocalSwiftPackageReference "../Shared" */,
				0F95701E2FE54B8417262B0C /* XCLocalSwiftPackageReference "Packages/UseCases" */,
			);
			preferredProjectObjectVersion = 77;
			projectDirPath = "";
			projectRoot = "";
			targets = (
				93E9E330FC2CE7458D9C925F /* App */,
			);
		};
/* End PBXProject section */

/* Begin PBXResourcesBuildPhase section */
		37BFF6A8CB5CC7FA21AD3FA3 /* Resources */ = {
			isa = PBXResourcesBuildPhase;
			buildActionMask = 2147483647;
			files = (
				3B17AFCD7108C4F8D5396ECB /* GoogleService-Info.plist in Resources */,
			);
			runOnlyForDeploymentPostprocessing = 0;
		};
/* End PBXResourcesBuildPhase section */

/* Begin PBXSourcesBuildPhase section */
		B77F0AF073564580D75A2CF1 /* Sources */ = {
			isa = PBXSourcesBuildPhase;
			buildActionMask = 2147483647;
			files = (
				F020EE47FD9AFF29CB232A2C /* AppDelegate.swift in Sources */,
				783D55AF632CEDDFC7117A66 /* AppTemplateApp.swift in Sources */,
				1122451B489133CA90DBD5C8 /* DIContainer.swift in Sources */,
			);
			runOnlyForDeploymentPostprocessing = 0;
		};
/* End PBXSourcesBuildPhase section */

/* Begin XCBuildConfiguration section */
		4A0C935808978B5A7673E412 /* Debug */ = {
			isa = XCBuildConfiguration;
			buildSettings = {
				ASSETCATALOG_COMPILER_APPICON_NAME = AppIcon;
				CODE_SIGN_ENTITLEMENTS = App/App.entitlements;
				CODE_SIGN_IDENTITY = "iPhone Developer";
				CODE_SIGN_STYLE = Automatic;
				CURRENT_PROJECT_VERSION = 1;
				DEVELOPMENT_TEAM = "";
				INFOPLIST_FILE = App/Info.plist;
				LD_RUNPATH_SEARCH_PATHS = (
					"$(inherited)",
					"@executable_path/Frameworks",
				);
				MARKETING_VERSION = 1.0.0;
				PRODUCT_BUNDLE_IDENTIFIER = com.example.app;
				SDKROOT = iphoneos;
				TARGETED_DEVICE_FAMILY = "1,2";
			};
			name = Debug;
		};
		5C9EF0E6AF4F9491454DE177 /* Release */ = {
			isa = XCBuildConfiguration;
			buildSettings = {
				ALWAYS_SEARCH_USER_PATHS = NO;
				CLANG_ANALYZER_NONNULL = YES;
				CLANG_ANALYZER_NUMBER_OBJECT_CONVERSION = YES_AGGRESSIVE;
				CLANG_CXX_LANGUAGE_STANDARD = "gnu++14";
				CLANG_CXX_LIBRARY = "libc++";
				CLANG_ENABLE_MODULES = YES;
				CLANG_ENABLE_OBJC_ARC = YES;
				CLANG_ENABLE_OBJC_WEAK = YES;
				CLANG_WARN_BLOCK_CAPTURE_AUTORELEASING = YES;
				CLANG_WARN_BOOL_CONVERSION = YES;
				CLANG_WARN_COMMA = YES;
				CLANG_WARN_CONSTANT_CONVERSION = YES;
				CLANG_WARN_DEPRECATED_OBJC_IMPLEMENTATIONS = YES;
				CLANG_WARN_DIRECT_OBJC_ISA_USAGE = YES_ERROR;
				CLANG_WARN_DOCUMENTATION_COMMENTS = YES;
				CLANG_WARN_EMPTY_BODY = YES;
				CLANG_WARN_ENUM_CONVERSION = YES;
				CLANG_WARN_INFINITE_RECURSION = YES;
				CLANG_WARN_INT_CONVERSION = YES;
				CLANG_WARN_NON_LITERAL_NULL_CONVERSION = YES;
				CLANG_WARN_OBJC_IMPLICIT_RETAIN_SELF = YES;
				CLANG_WARN_OBJC_LITERAL_CONVERSION = YES;
				CLANG_WARN_OBJC_ROOT_CLASS = YES_ERROR;
				CLANG_WARN_QUOTED_INCLUDE_IN_FRAMEWORK_HEADER = YES;
				CLANG_WARN_RANGE_LOOP_ANALYSIS = YES;
				CLANG_WARN_STRICT_PROTOTYPES = YES;
				CLANG_WARN_SUSPICIOUS_MOVE = YES;
				CLANG_WARN_UNGUARDED_AVAILABILITY = YES_AGGRESSIVE;
				CLANG_WARN_UNREACHABLE_CODE = YES;
				CLANG_WARN__DUPLICATE_METHOD_MATCH = YES;
				COPY_PHASE_STRIP = NO;
				DEBUG_INFORMATION_FORMAT = "dwarf-with-dsym";
				ENABLE_NS_ASSERTIONS = NO;
				ENABLE_STRICT_OBJC_MSGSEND = YES;
				ENABLE_USER_SCRIPT_SANDBOXING = NO;
				GCC_C_LANGUAGE_STANDARD = gnu11;
				GCC_NO_COMMON_BLOCKS = YES;
				GCC_WARN_64_TO_32_BIT_CONVERSION = YES;
				GCC_WARN_ABOUT_RETURN_TYPE = YES_ERROR;
				GCC_WARN_UNDECLARED_SELECTOR = YES;
				GCC_WARN_UNINITIALIZED_AUTOS = YES_AGGRESSIVE;
				GCC_WARN_UNUSED_FUNCTION = YES;
				GCC_WARN_UNUSED_VARIABLE = YES;
				IPHONEOS_DEPLOYMENT_TARGET = 17.0;
				MTL_ENABLE_DEBUG_INFO = NO;
				MTL_FAST_MATH = YES;
				PRODUCT_NAME = "$(TARGET_NAME)";
				SDKROOT = iphoneos;
				SWIFT_COMPILATION_MODE = wholemodule;
				SWIFT_OPTIMIZATION_LEVEL = "-O";
				SWIFT_VERSION = 6.0;
			};
			name = Release;
		};
		EB1CC3A930E09FEBECF9195D /* Release */ = {
			isa = XCBuildConfiguration;
			buildSettings = {
				ASSETCATALOG_COMPILER_APPICON_NAME = AppIcon;
				CODE_SIGN_ENTITLEMENTS = App/App.entitlements;
				CODE_SIGN_IDENTITY = "iPhone Developer";
				CODE_SIGN_STYLE = Automatic;
				CURRENT_PROJECT_VERSION = 1;
				DEVELOPMENT_TEAM = "";
				INFOPLIST_FILE = App/Info.plist;
				LD_RUNPATH_SEARCH_PATHS = (
					"$(inherited)",
					"@executable_path/Frameworks",
				);
				MARKETING_VERSION = 1.0.0;
				PRODUCT_BUNDLE_IDENTIFIER = com.example.app;
				SDKROOT = iphoneos;
				TARGETED_DEVICE_FAMILY = "1,2";
			};
			name = Release;
		};
		F61063B78755D98B1B9C3697 /* Debug */ = {
			isa = XCBuildConfiguration;
			buildSettings = {
				ALWAYS_SEARCH_USER_PATHS = NO;
				CLANG_ANALYZER_NONNULL = YES;
				CLANG_ANALYZER_NUMBER_OBJECT_CONVERSION = YES_AGGRESSIVE;
				CLANG_CXX_LANGUAGE_STANDARD = "gnu++14";
				CLANG_CXX_LIBRARY = "libc++";
				CLANG_ENABLE_MODULES = YES;
				CLANG_ENABLE_OBJC_ARC = YES;
				CLANG_ENABLE_OBJC_WEAK = YES;
				CLANG_WARN_BLOCK_CAPTURE_AUTORELEASING = YES;
				CLANG_WARN_BOOL_CONVERSION = YES;
				CLANG_WARN_COMMA = YES;
				CLANG_WARN_CONSTANT_CONVERSION = YES;
				CLANG_WARN_DEPRECATED_OBJC_IMPLEMENTATIONS = YES;
				CLANG_WARN_DIRECT_OBJC_ISA_USAGE = YES_ERROR;
				CLANG_WARN_DOCUMENTATION_COMMENTS = YES;
				CLANG_WARN_EMPTY_BODY = YES;
				CLANG_WARN_ENUM_CONVERSION = YES;
				CLANG_WARN_INFINITE_RECURSION = YES;
				CLANG_WARN_INT_CONVERSION = YES;
				CLANG_WARN_NON_LITERAL_NULL_CONVERSION = YES;
				CLANG_WARN_OBJC_IMPLICIT_RETAIN_SELF = YES;
				CLANG_WARN_OBJC_LITERAL_CONVERSION = YES;
				CLANG_WARN_OBJC_ROOT_CLASS = YES_ERROR;
				CLANG_WARN_QUOTED_INCLUDE_IN_FRAMEWORK_HEADER = YES;
				CLANG_WARN_RANGE_LOOP_ANALYSIS = YES;
				CLANG_WARN_STRICT_PROTOTYPES = YES;
				CLANG_WARN_SUSPICIOUS_MOVE = YES;
				CLANG_WARN_UNGUARDED_AVAILABILITY = YES_AGGRESSIVE;
				CLANG_WARN_UNREACHABLE_CODE = YES;
				CLANG_WARN__DUPLICATE_METHOD_MATCH = YES;
				COPY_PHASE_STRIP = NO;
				DEBUG_INFORMATION_FORMAT = dwarf;
				ENABLE_STRICT_OBJC_MSGSEND = YES;
				ENABLE_TESTABILITY = YES;
				ENABLE_USER_SCRIPT_SANDBOXING = NO;
				GCC_C_LANGUAGE_STANDARD = gnu11;
				GCC_DYNAMIC_NO_PIC = NO;
				GCC_NO_COMMON_BLOCKS = YES;
				GCC_OPTIMIZATION_LEVEL = 0;
				GCC_PREPROCESSOR_DEFINITIONS = (
					"$(inherited)",
					"DEBUG=1",
				);
				GCC_WARN_64_TO_32_BIT_CONVERSION = YES;
				GCC_WARN_ABOUT_RETURN_TYPE = YES_ERROR;
				GCC_WARN_UNDECLARED_SELECTOR = YES;
				GCC_WARN_UNINITIALIZED_AUTOS = YES_AGGRESSIVE;
				GCC_WARN_UNUSED_FUNCTION = YES;
				GCC_WARN_UNUSED_VARIABLE = YES;
				IPHONEOS_DEPLOYMENT_TARGET = 17.0;
				MTL_ENABLE_DEBUG_INFO = INCLUDE_SOURCE;
				MTL_FAST_MATH = YES;
				ONLY_ACTIVE_ARCH = YES;
				PRODUCT_NAME = "$(TARGET_NAME)";
				SDKROOT = iphoneos;
				SWIFT_ACTIVE_COMPILATION_CONDITIONS = DEBUG;
				SWIFT_OPTIMIZATION_LEVEL = "-Onone";
				SWIFT_VERSION = 6.0;
			};
			name = Debug;
		};
/* End XCBuildConfiguration section */

/* Begin XCConfigurationList section */
		B3FD05C59F197F398A0B04AB /* Build configuration list for PBXProject "App" */ = {
			isa = XCConfigurationList;
			buildConfigurations = (
				F61063B78755D98B1B9C3697 /* Debug */,
				5C9EF0E6AF4F9491454DE177 /* Release */,
			);
			defaultConfigurationIsVisible = 0;
			defaultConfigurationName = Debug;
		};
		FFC1863BD4026D2C17CBE82B /* Build configuration list for PBXNativeTarget "App" */ = {
			isa = XCConfigurationList;
			buildConfigurations = (
				4A0C935808978B5A7673E412 /* Debug */,
				EB1CC3A930E09FEBECF9195D /* Release */,
			);
			defaultConfigurationIsVisible = 0;
			defaultConfigurationName = Debug;
		};
/* End XCConfigurationList section */

/* Begin XCLocalSwiftPackageReference section */
		05ACDEAD04E2A1D694C61F72 /* XCLocalSwiftPackageReference "../Shared" */ = {
			isa = XCLocalSwiftPackageReference;
			relativePath = ../Shared;
		};
		0F95701E2FE54B8417262B0C /* XCLocalSwiftPackageReference "Packages/UseCases" */ = {
			isa = XCLocalSwiftPackageReference;
			relativePath = Packages/UseCases;
		};
		E2F43A1AD9F1F3104D4205BA /* XCLocalSwiftPackageReference "Packages/Presentation" */ = {
			isa = XCLocalSwiftPackageReference;
			relativePath = Packages/Presentation;
		};
/* End XCLocalSwiftPackageReference section */

/* Begin XCSwiftPackageProductDependency section */
		16B29FF52411B199AA5F6BA9 /* Shared */ = {
			isa = XCSwiftPackageProductDependency;
			productName = Shared;
		};
		6F731263DA861DD7DABE46C5 /* UseCases */ = {
			isa = XCSwiftPackageProductDependency;
			productName = UseCases;
		};
		785A33507B21518DFA9BA965 /* Presentation */ = {
			isa = XCSwiftPackageProductDependency;
			productName = Presentation;
		};
/* End XCSwiftPackageProductDependency section */
	};
	rootObject = 6B590BF25178DC7D824D09CE /* Project object */;
}
